
Microsoft Visual Studio Solution File, Format Version 12.00
# Visual Studio 2012
Project("{FAE04EC0-301F-11D3-BF4B-00C04F79EFBC}") = "sample", "sample\sample.csproj", "{C520D440-AABC-4A65-80BE-79331F356B01}"
EndProject
Project("{FAE04EC0-301F-11D3-BF4B-00C04F79EFBC}") = "sample.Tests", "sample.Tests\sample.Tests.csproj", "{D21C60D7-2AE8-415A-91A4-CB771ED5D133}"
EndProject
Global
	GlobalSection(SolutionConfigurationPlatforms) = preSolution
		Debug|Any CPU = Debug|Any CPU
		Release|Any CPU = Release|Any CPU
	EndGlobalSection
	GlobalSection(ProjectConfigurationPlatforms) = postSolution
		{C520D440-AABC-4A65-80BE-79331F356B01}.Debug|Any CPU.ActiveCfg = Debug|Any CPU
		{C520D440-AABC-4A65-80BE-79331F356B01}.Debug|Any CPU.Build.0 = Debug|Any CPU
		{C520D440-AABC-4A65-80BE-79331F356B01}.Release|Any CPU.ActiveCfg = Release|Any CPU
		{C520D440-AABC-4A65-80BE-79331F356B01}.Release|Any CPU.Build.0 = Release|Any CPU
		{D21C60D7-2AE8-415A-91A4-CB771ED5D133}.Debug|Any CPU.ActiveCfg = Debug|Any CPU
		{D21C60D7-2AE8-415A-91A4-CB771ED5D133}.Debug|Any CPU.Build.0 = Debug|Any CPU
		{D21C60D7-2AE8-415A-91A4-CB771ED5D133}.Release|Any CPU.ActiveCfg = Release|Any CPU
		{D21C60D7-2AE8-415A-91A4-CB771ED5D133}.Release|Any CPU.Build.0 = Release|Any CPU
	EndGlobalSection
EndGlobal
